
Microsoft Visual Studio Solution File, Format Version 12.00
# Visual Studio Version 16
VisualStudioVersion = 16.0.31129.286
MinimumVisualStudioVersion = 10.0.40219.1
Project("{9A19103F-16F7-4668-BE54-9A1E7A4F7556}") = "GroceryStoreAPI", "GroceryStoreAPI\GroceryStoreAPI.csproj", "{5AD12FE0-F57B-4549-8DC3-A8BDAE56A26B}"
EndProject
Project("{FAE04EC0-301F-11D3-BF4B-00C04F79EFBC}") = "GroceryStore.Services", "GroceryStore.Services\GroceryStore.Services.csproj", "{D8E91B9B-45FA-45C2-B556-BBA729E28BAE}"
EndProject
Project("{FAE04EC0-301F-11D3-BF4B-00C04F79EFBC}") = "GroceryStore.Repository", "GroceryStore.Repository\GroceryStore.Repository.csproj", "{7A9BF236-3AA7-4422-A1E0-EC962F28CE8F}"
EndProject
Project("{FAE04EC0-301F-11D3-BF4B-00C04F79EFBC}") = "GroceryStore.Models", "GroceryStore.Models\GroceryStore.Models.csproj", "{B1047713-4C0A-4A86-83D0-C5348A53CB67}"
EndProject
Project("{2150E333-8FDC-42A3-9474-1A3956D46DE8}") = "UnitTests", "UnitTests", "{3FE27D8C-ECAC-4CCC-9E86-C3C7171E0403}"
EndProject
Project("{FAE04EC0-301F-11D3-BF4B-00C04F79EFBC}") = "GroceryStore.Services.UnitTests", "GroceryStore.Services.UnitTests\GroceryStore.Services.UnitTests.csproj", "{1E94CE23-5D4F-422D-BF4C-BD3482D2051B}"
EndProject
Global
	GlobalSection(SolutionConfigurationPlatforms) = preSolution
		Debug|Any CPU = Debug|Any CPU
		Release|Any CPU = Release|Any CPU
	EndGlobalSection
	GlobalSection(ProjectConfigurationPlatforms) = postSolution
		{5AD12FE0-F57B-4549-8DC3-A8BDAE56A26B}.Debug|Any CPU.ActiveCfg = Debug|Any CPU
		{5AD12FE0-F57B-4549-8DC3-A8BDAE56A26B}.Debug|Any CPU.Build.0 = Debug|Any CPU
		{5AD12FE0-F57B-4549-8DC3-A8BDAE56A26B}.Release|Any CPU.ActiveCfg = Release|Any CPU
		{5AD12FE0-F57B-4549-8DC3-A8BDAE56A26B}.Release|Any CPU.Build.0 = Release|Any CPU
		{D8E91B9B-45FA-45C2-B556-BBA729E28BAE}.Debug|Any CPU.ActiveCfg = Debug|Any CPU
		{D8E91B9B-45FA-45C2-B556-BBA729E28BAE}.Debug|Any CPU.Build.0 = Debug|Any CPU
		{D8E91B9B-45FA-45C2-B556-BBA729E28BAE}.Release|Any CPU.ActiveCfg = Release|Any CPU
		{D8E91B9B-45FA-45C2-B556-BBA729E28BAE}.Release|Any CPU.Build.0 = Release|Any CPU
		{7A9BF236-3AA7-4422-A1E0-EC962F28CE8F}.Debug|Any CPU.ActiveCfg = Debug|Any CPU
		{7A9BF236-3AA7-4422-A1E0-EC962F28CE8F}.Debug|Any CPU.Build.0 = Debug|Any CPU
		{7A9BF236-3AA7-4422-A1E0-EC962F28CE8F}.Release|Any CPU.ActiveCfg = Release|Any CPU
		{7A9BF236-3AA7-4422-A1E0-EC962F28CE8F}.Release|Any CPU.Build.0 = Release|Any CPU
		{B1047713-4C0A-4A86-83D0-C5348A53CB67}.Debug|Any CPU.ActiveCfg = Debug|Any CPU
		{B1047713-4C0A-4A86-83D0-C5348A53CB67}.Debug|Any CPU.Build.0 = Debug|Any CPU
		{B1047713-4C0A-4A86-83D0-C5348A53CB67}.Release|Any CPU.ActiveCfg = Release|Any CPU
		{B1047713-4C0A-4A86-83D0-C5348A53CB67}.Release|Any CPU.Build.0 = Release|Any CPU
		{1E94CE23-5D4F-422D-BF4C-BD3482D2051B}.Debug|Any CPU.ActiveCfg = Debug|Any CPU
		{1E94CE23-5D4F-422D-BF4C-BD3482D2051B}.Debug|Any CPU.Build.0 = Debug|Any CPU
		{1E94CE23-5D4F-422D-BF4C-BD3482D2051B}.Release|Any CPU.ActiveCfg = Release|Any CPU
		{1E94CE23-5D4F-422D-BF4C-BD3482D2051B}.Release|Any CPU.Build.0 = Release|Any CPU
	EndGlobalSection
	GlobalSection(SolutionProperties) = preSolution
		HideSolutionNode = FALSE
	EndGlobalSection
	GlobalSection(NestedProjects) = preSolution
		{1E94CE23-5D4F-422D-BF4C-BD3482D2051B} = {3FE27D8C-ECAC-4CCC-9E86-C3C7171E0403}
	EndGlobalSection
	GlobalSection(ExtensibilityGlobals) = postSolution
		SolutionGuid = {EAF21A08-B012-4C96-85DB-A3D41383631C}
	EndGlobalSection
EndGlobal
